// !$*UTF8*$!
{
	archiveVersion = 1;
	classes = {
	};
	objectVersion = 46;
	objects = {

/* Begin PBXBuildFile section */
		4DEF0D891CC0063600666437 /* main.cpp in Sources */ = {isa = PBXBuildFile; fileRef = 4DEF0D881CC0063600666437 /* main.cpp */; };
		4DEF0D911CC0065200666437 /* Ship.cpp in Sources */ = {isa = PBXBuildFile; fileRef = 4DEF0D8F1CC0065200666437 /* Ship.cpp */; };
		4DEF0D941CC0066100666437 /* Shuttle.cpp in Sources */ = {isa = PBXBuildFile; fileRef = 4DEF0D921CC0066100666437 /* Shuttle.cpp */; };
/* End PBXBuildFile section */

/* Begin PBXCopyFilesBuildPhase section */
		4DEF0D831CC0063600666437 /* CopyFiles */ = {
			isa = PBXCopyFilesBuildPhase;
			buildActionMask = 2147483647;
			dstPath = /usr/share/man/man1/;
			dstSubfolderSpec = 0;
			files = (
			);
			runOnlyForDeploymentPostprocessing = 1;
		};
/* End PBXCopyFilesBuildPhase section */

/* Begin PBXFileReference section */
		4DEF0D851CC0063600666437 /* Uprajnenie4 */ = {isa = PBXFileReference; explicitFileType = "compiled.mach-o.executable"; includeInIndex = 0; path = Uprajnenie4; sourceTree = BUILT_PRODUCTS_DIR; };
		4DEF0D881CC0063600666437 /* main.cpp */ = {isa = PBXFileReference; lastKnownFileType = sourcecode.cpp.cpp; path = main.cpp; sourceTree = "<group>"; };
		4DEF0D8F1CC0065200666437 /* Ship.cpp */ = {isa = PBXFileReference; fileEncoding = 4; lastKnownFileType = sourcecode.cpp.cpp; path = Ship.cpp; sourceTree = "<group>"; };
		4DEF0D901CC0065200666437 /* Ship.h */ = {isa = PBXFileReference; fileEncoding = 4; lastKnownFileType = sourcecode.c.h; path = Ship.h; sourceTree = "<group>"; };
		4DEF0D921CC0066100666437 /* Shuttle.cpp */ = {isa = PBXFileReference; fileEncoding = 4; indentWidth = 5; lastKnownFileType = sourcecode.cpp.cpp; lineEnding = 0; path = Shuttle.cpp; sourceTree = "<group>"; };
		4DEF0D931CC0066100666437 /* Shuttle.h */ = {isa = PBXFileReference; fileEncoding = 4; lastKnownFileType = sourcecode.c.h; path = Shuttle.h; sourceTree = "<group>"; };
/* End PBXFileReference section */

/* Begin PBXFrameworksBuildPhase section */
		4DEF0D821CC0063600666437 /* Frameworks */ = {
			isa = PBXFrameworksBuildPhase;
			buildActionMask = 2147483647;
			files = (
			);
			runOnlyForDeploymentPostprocessing = 0;
		};
/* End PBXFrameworksBuildPhase section */

/* Begin PBXGroup section */
		4DEF0D7C1CC0063600666437 = {
			isa = PBXGroup;
			children = (
				4DEF0D871CC0063600666437 /* Uprajnenie4 */,
				4DEF0D861CC0063600666437 /* Products */,
			);
			sourceTree = "<group>";
		};
		4DEF0D861CC0063600666437 /* Products */ = {
			isa = PBXGroup;
			children = (
				4DEF0D851CC0063600666437 /* Uprajnenie4 */,
			);
			name = Products;
			sourceTree = "<group>";
		};
		4DEF0D871CC0063600666437 /* Uprajnenie4 */ = {
			isa = PBXGroup;
			children = (
				4DEF0D881CC0063600666437 /* main.cpp */,
				4DEF0D921CC0066100666437 /* Shuttle.cpp */,
				4DEF0D931CC0066100666437 /* Shuttle.h */,
				4DEF0D8F1CC0065200666437 /* Ship.cpp */,
				4DEF0D901CC0065200666437 /* Ship.h */,
			);
			path = Uprajnenie4;
			sourceTree = "<group>";
		};
/* End PBXGroup section */

/* Begin PBXNativeTarget section */
		4DEF0D841CC0063600666437 /* Uprajnenie4 */ = {
			isa = PBXNativeTarget;
			buildConfigurationList = 4DEF0D8C1CC0063600666437 /* Build configuration list for PBXNativeTarget "Uprajnenie4" */;
			buildPhases = (
				4DEF0D811CC0063600666437 /* Sources */,
				4DEF0D821CC0063600666437 /* Frameworks */,
				4DEF0D831CC0063600666437 /* CopyFiles */,
			);
			buildRules = (
			);
			dependencies = (
			);
			name = Uprajnenie4;
			productName = Uprajnenie4;
			productReference = 4DEF0D851CC0063600666437 /* Uprajnenie4 */;
			productType = "com.apple.product-type.tool";
		};
/* End PBXNativeTarget section */

/* Begin PBXProject section */
		4DEF0D7D1CC0063600666437 /* Project object */ = {
			isa = PBXProject;
			attributes = {
				LastUpgradeCheck = 0720;
				ORGANIZATIONNAME = "Miroslav Vatev";
				TargetAttributes = {
					4DEF0D841CC0063600666437 = {
						CreatedOnToolsVersion = 7.2.1;
					};
				};
			};
			buildConfigurationList = 4DEF0D801CC0063600666437 /* Build configuration list for PBXProject "Uprajnenie4" */;
			compatibilityVersion = "Xcode 3.2";
			developmentRegion = English;
			hasScannedForEncodings = 0;
			knownRegions = (
				en,
			);
			mainGroup = 4DEF0D7C1CC0063600666437;
			productRefGroup = 4DEF0D861CC0063600666437 /* Products */;
			projectDirPath = "";
			projectRoot = "";
			targets = (
				4DEF0D841CC0063600666437 /* Uprajnenie4 */,
			);
		};
/* End PBXProject section */

/* Begin PBXSourcesBuildPhase section */
		4DEF0D811CC0063600666437 /* Sources */ = {
			isa = PBXSourcesBuildPhase;
			buildActionMask = 2147483647;
			files = (
				4DEF0D941CC0066100666437 /* Shuttle.cpp in Sources */,
				4DEF0D891CC0063600666437 /* main.cpp in Sources */,
				4DEF0D911CC0065200666437 /* Ship.cpp in Sources */,
			);
			runOnlyForDeploymentPostprocessing = 0;
		};
/* End PBXSourcesBuildPhase section */

/* Begin XCBuildConfiguration section */
		4DEF0D8A1CC0063600666437 /* Debug */ = {
			isa = XCBuildConfiguration;
			buildSettings = {
				ALWAYS_SEARCH_USER_PATHS = NO;
				CLANG_CXX_LANGUAGE_STANDARD = "gnu++0x";
				CLANG_CXX_LIBRARY = "libc++";
				CLANG_ENABLE_MODULES = YES;
				CLANG_ENABLE_OBJC_ARC = YES;
				CLANG_WARN_BOOL_CONVERSION = YES;
				CLANG_WARN_CONSTANT_CONVERSION = YES;
				CLANG_WARN_DIRECT_OBJC_ISA_USAGE = YES_ERROR;
				CLANG_WARN_EMPTY_BODY = YES;
				CLANG_WARN_ENUM_CONVERSION = YES;
				CLANG_WARN_INT_CONVERSION = YES;
				CLANG_WARN_OBJC_ROOT_CLASS = YES_ERROR;
				CLANG_WARN_UNREACHABLE_CODE = YES;
				CLANG_WARN__DUPLICATE_METHOD_MATCH = YES;
				CODE_SIGN_IDENTITY = "-";
				COPY_PHASE_STRIP = NO;
				DEBUG_INFORMATION_FORMAT = dwarf;
				ENABLE_STRICT_OBJC_MSGSEND = YES;
				ENABLE_TESTABILITY = YES;
				GCC_C_LANGUAGE_STANDARD = gnu99;
				GCC_DYNAMIC_NO_PIC = NO;
				GCC_NO_COMMON_BLOCKS = YES;
				GCC_OPTIMIZATION_LEVEL = 0;
				GCC_PREPROCESSOR_DEFINITIONS = (
					"DEBUG=1",
					"$(inherited)",
				);
				GCC_WARN_64_TO_32_BIT_CONVERSION = YES;
				GCC_WARN_ABOUT_RETURN_TYPE = YES_ERROR;
				GCC_WARN_UNDECLARED_SELECTOR = YES;
				GCC_WARN_UNINITIALIZED_AUTOS = YES_AGGRESSIVE;
				GCC_WARN_UNUSED_FUNCTION = YES;
				GCC_WARN_UNUSED_VARIABLE = YES;
				MACOSX_DEPLOYMENT_TARGET = 10.11;
				MTL_ENABLE_DEBUG_INFO = YES;
				ONLY_ACTIVE_ARCH = YES;
				SDKROOT = macosx;
			};
			name = Debug;
		};
		4DEF0D8B1CC0063600666437 /* Release */ = {
			isa = XCBuildConfiguration;
			buildSettings = {
				ALWAYS_SEARCH_USER_PATHS = NO;
				CLANG_CXX_LANGUAGE_STANDARD = "gnu++0x";
				CLANG_CXX_LIBRARY = "libc++";
				CLANG_ENABLE_MODULES = YES;
				CLANG_ENABLE_OBJC_ARC = YES;
				CLANG_WARN_BOOL_CONVERSION = YES;
				CLANG_WARN_CONSTANT_CONVERSION = YES;
				CLANG_WARN_DIRECT_OBJC_ISA_USAGE = YES_ERROR;
				CLANG_WARN_EMPTY_BODY = YES;
				CLANG_WARN_ENUM_CONVERSION = YES;
				CLANG_WARN_INT_CONVERSION = YES;
				CLANG_WARN_OBJC_ROOT_CLASS = YES_ERROR;
				CLANG_WARN_UNREACHABLE_CODE = YES;
				CLANG_WARN__DUPLICATE_METHOD_MATCH = YES;
				CODE_SIGN_IDENTITY = "-";
				COPY_PHASE_STRIP = NO;
				DEBUG_INFORMATION_FORMAT = "dwarf-with-dsym";
				ENABLE_NS_ASSERTIONS = NO;
				ENABLE_STRICT_OBJC_MSGSEND = YES;
				GCC_C_LANGUAGE_STANDARD = gnu99;
				GCC_NO_COMMON_BLOCKS = YES;
				GCC_WARN_64_TO_32_BIT_CONVERSION = YES;
				GCC_WARN_ABOUT_RETURN_TYPE = YES_ERROR;
				GCC_WARN_UNDECLARED_SELECTOR = YES;
				GCC_WARN_UNINITIALIZED_AUTOS = YES_AGGRESSIVE;
				GCC_WARN_UNUSED_FUNCTION = YES;
				GCC_WARN_UNUSED_VARIABLE = YES;
				MACOSX_DEPLOYMENT_TARGET = 10.11;
				MTL_ENABLE_DEBUG_INFO = NO;
				SDKROOT = macosx;
			};
			name = Release;
		};
		4DEF0D8D1CC0063600666437 /* Debug */ = {
			isa = XCBuildConfiguration;
			buildSettings = {
				PRODUCT_NAME = "$(TARGET_NAME)";
			};
			name = Debug;
		};
		4DEF0D8E1CC0063600666437 /* Release */ = {
			isa = XCBuildConfiguration;
			buildSettings = {
				PRODUCT_NAME = "$(TARGET_NAME)";
			};
			name = Release;
		};
/* End XCBuildConfiguration section */

/* Begin XCConfigurationList section */
		4DEF0D801CC0063600666437 /* Build configuration list for PBXProject "Uprajnenie4" */ = {
			isa = XCConfigurationList;
			buildConfigurations = (
				4DEF0D8A1CC0063600666437 /* Debug */,
				4DEF0D8B1CC0063600666437 /* Release */,
			);
			defaultConfigurationIsVisible = 0;
			defaultConfigurationName = Release;
		};
		4DEF0D8C1CC0063600666437 /* Build configuration list for PBXNativeTarget "Uprajnenie4" */ = {
			isa = XCConfigurationList;
			buildConfigurations = (
				4DEF0D8D1CC0063600666437 /* Debug */,
				4DEF0D8E1CC0063600666437 /* Release */,
			);
			defaultConfigurationIsVisible = 0;
		};
/* End XCConfigurationList section */
	};
	rootObject = 4DEF0D7D1CC0063600666437 /* Project object */;
}
